
Microsoft Visual Studio Solution File, Format Version 12.00
# Visual Studio Version 17
VisualStudioVersion = 17.14.36429.23
MinimumVisualStudioVersion = 10.0.40219.1
Project("{FAE04EC0-301F-11D3-BF4B-00C04F79EFBC}") = "Evaluator.Core", "Evaluator.core\Evaluator.Core.csproj", "{C646E464-0D27-482C-8108-4578FE8FFCB6}"
EndProject
Project("{FAE04EC0-301F-11D3-BF4B-00C04F79EFBC}") = "Evaluator.Console", "Evaluator.Console\Evaluator.Console.csproj", "{24497070-8BB4-48EB-86BD-55562BD887F8}"
EndProject
Project("{FAE04EC0-301F-11D3-BF4B-00C04F79EFBC}") = "Evaluator.Windows", "Console.Windows\Evaluator.Windows.csproj", "{9425DD47-336F-4012-B45F-48F218C6B7A5}"
EndProject
Global
	GlobalSection(SolutionConfigurationPlatforms) = preSolution
		Debug|Any CPU = Debug|Any CPU
		Release|Any CPU = Release|Any CPU
	EndGlobalSection
	GlobalSection(ProjectConfigurationPlatforms) = postSolution
		{C646E464-0D27-482C-8108-4578FE8FFCB6}.Debug|Any CPU.ActiveCfg = Debug|Any CPU
		{C646E464-0D27-482C-8108-4578FE8FFCB6}.Debug|Any CPU.Build.0 = Debug|Any CPU
		{C646E464-0D27-482C-8108-4578FE8FFCB6}.Release|Any CPU.ActiveCfg = Release|Any CPU
		{C646E464-0D27-482C-8108-4578FE8FFCB6}.Release|Any CPU.Build.0 = Release|Any CPU
		{24497070-8BB4-48EB-86BD-55562BD887F8}.Debug|Any CPU.ActiveCfg = Debug|Any CPU
		{24497070-8BB4-48EB-86BD-55562BD887F8}.Debug|Any CPU.Build.0 = Debug|Any CPU
		{24497070-8BB4-48EB-86BD-55562BD887F8}.Release|Any CPU.ActiveCfg = Release|Any CPU
		{24497070-8BB4-48EB-86BD-55562BD887F8}.Release|Any CPU.Build.0 = Release|Any CPU
		{9425DD47-336F-4012-B45F-48F218C6B7A5}.Debug|Any CPU.ActiveCfg = Debug|Any CPU
		{9425DD47-336F-4012-B45F-48F218C6B7A5}.Debug|Any CPU.Build.0 = Debug|Any CPU
		{9425DD47-336F-4012-B45F-48F218C6B7A5}.Release|Any CPU.ActiveCfg = Release|Any CPU
		{9425DD47-336F-4012-B45F-48F218C6B7A5}.Release|Any CPU.Build.0 = Release|Any CPU
	EndGlobalSection
	GlobalSection(SolutionProperties) = preSolution
		HideSolutionNode = FALSE
	EndGlobalSection
	GlobalSection(ExtensibilityGlobals) = postSolution
		SolutionGuid = {6C589374-E523-4355-BAD8-4F797B6C38C0}
	EndGlobalSection
EndGlobal
